// !$*UTF8*$!
{
	archiveVersion = 1;
	classes = {
	};
	objectVersion = 55;
	objects = {

/* Begin PBXBuildFile section */
		1B27BC0363190191B2173015 /* Pods_mixPanel_0712.framework in Frameworks */ = {isa = PBXBuildFile; fileRef = 639C10EC5F7ADD79A7FE21E7 /* Pods_mixPanel_0712.framework */; };
		1FE61E682B21A9B8003A4D05 /* AppDelegate.swift in Sources */ = {isa = PBXBuildFile; fileRef = 1FE61E672B21A9B8003A4D05 /* AppDelegate.swift */; };
		1FE61E6A2B21A9B8003A4D05 /* SceneDelegate.swift in Sources */ = {isa = PBXBuildFile; fileRef = 1FE61E692B21A9B8003A4D05 /* SceneDelegate.swift */; };
		1FE61E6C2B21A9B8003A4D05 /* ViewController.swift in Sources */ = {isa = PBXBuildFile; fileRef = 1FE61E6B2B21A9B8003A4D05 /* ViewController.swift */; };
		1FE61E6F2B21A9B8003A4D05 /* Main.storyboard in Resources */ = {isa = PBXBuildFile; fileRef = 1FE61E6D2B21A9B8003A4D05 /* Main.storyboard */; };
		1FE61E712B21A9BA003A4D05 /* Assets.xcassets in Resources */ = {isa = PBXBuildFile; fileRef = 1FE61E702B21A9BA003A4D05 /* Assets.xcassets */; };
		1FE61E742B21A9BA003A4D05 /* LaunchScreen.storyboard in Resources */ = {isa = PBXBuildFile; fileRef = 1FE61E722B21A9BA003A4D05 /* LaunchScreen.storyboard */; };
/* End PBXBuildFile section */

/* Begin PBXFileReference section */
		1FE61E642B21A9B8003A4D05 /* mixPanel_0712.app */ = {isa = PBXFileReference; explicitFileType = wrapper.application; includeInIndex = 0; path = mixPanel_0712.app; sourceTree = BUILT_PRODUCTS_DIR; };
		1FE61E672B21A9B8003A4D05 /* AppDelegate.swift */ = {isa = PBXFileReference; lastKnownFileType = sourcecode.swift; path = AppDelegate.swift; sourceTree = "<group>"; };
		1FE61E692B21A9B8003A4D05 /* SceneDelegate.swift */ = {isa = PBXFileReference; lastKnownFileType = sourcecode.swift; path = SceneDelegate.swift; sourceTree = "<group>"; };
		1FE61E6B2B21A9B8003A4D05 /* ViewController.swift */ = {isa = PBXFileReference; lastKnownFileType = sourcecode.swift; path = ViewController.swift; sourceTree = "<group>"; };
		1FE61E6E2B21A9B8003A4D05 /* Base */ = {isa = PBXFileReference; lastKnownFileType = file.storyboard; name = Base; path = Base.lproj/Main.storyboard; sourceTree = "<group>"; };
		1FE61E702B21A9BA003A4D05 /* Assets.xcassets */ = {isa = PBXFileReference; lastKnownFileType = folder.assetcatalog; path = Assets.xcassets; sourceTree = "<group>"; };
		1FE61E732B21A9BA003A4D05 /* Base */ = {isa = PBXFileReference; lastKnownFileType = file.storyboard; name = Base; path = Base.lproj/LaunchScreen.storyboard; sourceTree = "<group>"; };
		1FE61E752B21A9BA003A4D05 /* Info.plist */ = {isa = PBXFileReference; lastKnownFileType = text.plist.xml; path = Info.plist; sourceTree = "<group>"; };
		639C10EC5F7ADD79A7FE21E7 /* Pods_mixPanel_0712.framework */ = {isa = PBXFileReference; explicitFileType = wrapper.framework; includeInIndex = 0; path = Pods_mixPanel_0712.framework; sourceTree = BUILT_PRODUCTS_DIR; };
		6BDCFFEC03C5FDABD7CCC8AA /* Pods-mixPanel_0712.release.xcconfig */ = {isa = PBXFileReference; includeInIndex = 1; lastKnownFileType = text.xcconfig; name = "Pods-mixPanel_0712.release.xcconfig"; path = "Target Support Files/Pods-mixPanel_0712/Pods-mixPanel_0712.release.xcconfig"; sourceTree = "<group>"; };
		ADB39A322E70582CFEE25941 /* Pods-mixPanel_0712.debug.xcconfig */ = {isa = PBXFileReference; includeInIndex = 1; lastKnownFileType = text.xcconfig; name = "Pods-mixPanel_0712.debug.xcconfig"; path = "Target Support Files/Pods-mixPanel_0712/Pods-mixPanel_0712.debug.xcconfig"; sourceTree = "<group>"; };
/* End PBXFileReference section */

/* Begin PBXFrameworksBuildPhase section */
		1FE61E612B21A9B8003A4D05 /* Frameworks */ = {
			isa = PBXFrameworksBuildPhase;
			buildActionMask = 2147483647;
			files = (
				1B27BC0363190191B2173015 /* Pods_mixPanel_0712.framework in Frameworks */,
			);
			runOnlyForDeploymentPostprocessing = 0;
		};
/* End PBXFrameworksBuildPhase section */

/* Begin PBXGroup section */
		1FE61E5B2B21A9B8003A4D05 = {
			isa = PBXGroup;
			children = (
				1FE61E662B21A9B8003A4D05 /* mixPanel_0712 */,
				1FE61E652B21A9B8003A4D05 /* Products */,
				2DFAD7B7D7E12B1BFA6DDDFB /* Pods */,
				AC789EDF739C02065410F4AB /* Frameworks */,
			);
			sourceTree = "<group>";
		};
		1FE61E652B21A9B8003A4D05 /* Products */ = {
			isa = PBXGroup;
			children = (
				1FE61E642B21A9B8003A4D05 /* mixPanel_0712.app */,
			);
			name = Products;
			sourceTree = "<group>";
		};
		1FE61E662B21A9B8003A4D05 /* mixPanel_0712 */ = {
			isa = PBXGroup;
			children = (
				1FE61E672B21A9B8003A4D05 /* AppDelegate.swift */,
				1FE61E692B21A9B8003A4D05 /* SceneDelegate.swift */,
				1FE61E6B2B21A9B8003A4D05 /* ViewController.swift */,
				1FE61E6D2B21A9B8003A4D05 /* Main.storyboard */,
				1FE61E702B21A9BA003A4D05 /* Assets.xcassets */,
				1FE61E722B21A9BA003A4D05 /* LaunchScreen.storyboard */,
				1FE61E752B21A9BA003A4D05 /* Info.plist */,
			);
			path = mixPanel_0712;
			sourceTree = "<group>";
		};
		2DFAD7B7D7E12B1BFA6DDDFB /* Pods */ = {
			isa = PBXGroup;
			children = (
				ADB39A322E70582CFEE25941 /* Pods-mixPanel_0712.debug.xcconfig */,
				6BDCFFEC03C5FDABD7CCC8AA /* Pods-mixPanel_0712.release.xcconfig */,
			);
			path = Pods;
			sourceTree = "<group>";
		};
		AC789EDF739C02065410F4AB /* Frameworks */ = {
			isa = PBXGroup;
			children = (
				639C10EC5F7ADD79A7FE21E7 /* Pods_mixPanel_0712.framework */,
			);
			name = Frameworks;
			sourceTree = "<group>";
		};
/* End PBXGroup section */

/* Begin PBXNativeTarget section */
		1FE61E632B21A9B8003A4D05 /* mixPanel_0712 */ = {
			isa = PBXNativeTarget;
			buildConfigurationList = 1FE61E782B21A9BA003A4D05 /* Build configuration list for PBXNativeTarget "mixPanel_0712" */;
			buildPhases = (
				48405DA084DAF0274CE1CDC1 /* [CP] Check Pods Manifest.lock */,
				1FE61E602B21A9B8003A4D05 /* Sources */,
				1FE61E612B21A9B8003A4D05 /* Frameworks */,
				1FE61E622B21A9B8003A4D05 /* Resources */,
				5A15947F9AEF0100FC6E319C /* [CP] Embed Pods Frameworks */,
			);
			buildRules = (
			);
			dependencies = (
			);
			name = mixPanel_0712;
			productName = mixPanel_0712;
			productReference = 1FE61E642B21A9B8003A4D05 /* mixPanel_0712.app */;
			productType = "com.apple.product-type.application";
		};
/* End PBXNativeTarget section */

/* Begin PBXProject section */
		1FE61E5C2B21A9B8003A4D05 /* Project object */ = {
			isa = PBXProject;
			attributes = {
				BuildIndependentTargetsInParallel = 1;
				LastSwiftUpdateCheck = 1300;
				LastUpgradeCheck = 1300;
				TargetAttributes = {
					1FE61E632B21A9B8003A4D05 = {
						CreatedOnToolsVersion = 13.0;
					};
				};
			};
			buildConfigurationList = 1FE61E5F2B21A9B8003A4D05 /* Build configuration list for PBXProject "mixPanel_0712" */;
			compatibilityVersion = "Xcode 13.0";
			developmentRegion = en;
			hasScannedForEncodings = 0;
			knownRegions = (
				en,
				Base,
			);
			mainGroup = 1FE61E5B2B21A9B8003A4D05;
			productRefGroup = 1FE61E652B21A9B8003A4D05 /* Products */;
			projectDirPath = "";
			projectRoot = "";
			targets = (
				1FE61E632B21A9B8003A4D05 /* mixPanel_0712 */,
			);
		};
/* End PBXProject section */

/* Begin PBXResourcesBuildPhase section */
		1FE61E622B21A9B8003A4D05 /* Resources */ = {
			isa = PBXResourcesBuildPhase;
			buildActionMask = 2147483647;
			files = (
				1FE61E742B21A9BA003A4D05 /* LaunchScreen.storyboard in Resources */,
				1FE61E712B21A9BA003A4D05 /* Assets.xcassets in Resources */,
				1FE61E6F2B21A9B8003A4D05 /* Main.storyboard in Resources */,
			);
			runOnlyForDeploymentPostprocessing = 0;
		};
/* End PBXResourcesBuildPhase section */

/* Begin PBXShellScriptBuildPhase section */
		48405DA084DAF0274CE1CDC1 /* [CP] Check Pods Manifest.lock */ = {
			isa = PBXShellScriptBuildPhase;
			buildActionMask = 2147483647;
			files = (
			);
			inputFileListPaths = (
			);
			inputPaths = (
				"${PODS_PODFILE_DIR_PATH}/Podfile.lock",
				"${PODS_ROOT}/Manifest.lock",
			);
			name = "[CP] Check Pods Manifest.lock";
			outputFileListPaths = (
			);
			outputPaths = (
				"$(DERIVED_FILE_DIR)/Pods-mixPanel_0712-checkManifestLockResult.txt",
			);
			runOnlyForDeploymentPostprocessing = 0;
			shellPath = /bin/sh;
			shellScript = "diff \"${PODS_PODFILE_DIR_PATH}/Podfile.lock\" \"${PODS_ROOT}/Manifest.lock\" > /dev/null\nif [ $? != 0 ] ; then\n    # print error to STDERR\n    echo \"error: The sandbox is not in sync with the Podfile.lock. Run 'pod install' or update your CocoaPods installation.\" >&2\n    exit 1\nfi\n# This output is used by Xcode 'outputs' to avoid re-running this script phase.\necho \"SUCCESS\" > \"${SCRIPT_OUTPUT_FILE_0}\"\n";
			showEnvVarsInLog = 0;
		};
		5A15947F9AEF0100FC6E319C /* [CP] Embed Pods Frameworks */ = {
			isa = PBXShellScriptBuildPhase;
			buildActionMask = 2147483647;
			files = (
			);
			inputFileListPaths = (
				"${PODS_ROOT}/Target Support Files/Pods-mixPanel_0712/Pods-mixPanel_0712-frameworks-${CONFIGURATION}-input-files.xcfilelist",
			);
			name = "[CP] Embed Pods Frameworks";
			outputFileListPaths = (
				"${PODS_ROOT}/Target Support Files/Pods-mixPanel_0712/Pods-mixPanel_0712-frameworks-${CONFIGURATION}-output-files.xcfilelist",
			);
			runOnlyForDeploymentPostprocessing = 0;
			shellPath = /bin/sh;
			shellScript = "\"${PODS_ROOT}/Target Support Files/Pods-mixPanel_0712/Pods-mixPanel_0712-frameworks.sh\"\n";
			showEnvVarsInLog = 0;
		};
/* End PBXShellScriptBuildPhase section */

/* Begin PBXSourcesBuildPhase section */
		1FE61E602B21A9B8003A4D05 /* Sources */ = {
			isa = PBXSourcesBuildPhase;
			buildActionMask = 2147483647;
			files = (
				1FE61E6C2B21A9B8003A4D05 /* ViewController.swift in Sources */,
				1FE61E682B21A9B8003A4D05 /* AppDelegate.swift in Sources */,
				1FE61E6A2B21A9B8003A4D05 /* SceneDelegate.swift in Sources */,
			);
			runOnlyForDeploymentPostprocessing = 0;
		};
/* End PBXSourcesBuildPhase section */

/* Begin PBXVariantGroup section */
		1FE61E6D2B21A9B8003A4D05 /* Main.storyboard */ = {
			isa = PBXVariantGroup;
			children = (
				1FE61E6E2B21A9B8003A4D05 /* Base */,
			);
			name = Main.storyboard;
			sourceTree = "<group>";
		};
		1FE61E722B21A9BA003A4D05 /* LaunchScreen.storyboard */ = {
			isa = PBXVariantGroup;
			children = (
				1FE61E732B21A9BA003A4D05 /* Base */,
			);
			name = LaunchScreen.storyboard;
			sourceTree = "<group>";
		};
/* End PBXVariantGroup section */

/* Begin XCBuildConfiguration section */
		1FE61E762B21A9BA003A4D05 /* Debug */ = {
			isa = XCBuildConfiguration;
			buildSettings = {
				ALWAYS_SEARCH_USER_PATHS = NO;
				CLANG_ANALYZER_NONNULL = YES;
				CLANG_ANALYZER_NUMBER_OBJECT_CONVERSION = YES_AGGRESSIVE;
				CLANG_CXX_LANGUAGE_STANDARD = "gnu++17";
				CLANG_CXX_LIBRARY = "libc++";
				CLANG_ENABLE_MODULES = YES;
				CLANG_ENABLE_OBJC_ARC = YES;
				CLANG_ENABLE_OBJC_WEAK = YES;
				CLANG_WARN_BLOCK_CAPTURE_AUTORELEASING = YES;
				CLANG_WARN_BOOL_CONVERSION = YES;
				CLANG_WARN_COMMA = YES;
				CLANG_WARN_CONSTANT_CONVERSION = YES;
				CLANG_WARN_DEPRECATED_OBJC_IMPLEMENTATIONS = YES;
				CLANG_WARN_DIRECT_OBJC_ISA_USAGE = YES_ERROR;
				CLANG_WARN_DOCUMENTATION_COMMENTS = YES;
				CLANG_WARN_EMPTY_BODY = YES;
				CLANG_WARN_ENUM_CONVERSION = YES;
				CLANG_WARN_INFINITE_RECURSION = YES;
				CLANG_WARN_INT_CONVERSION = YES;
				CLANG_WARN_NON_LITERAL_NULL_CONVERSION = YES;
				CLANG_WARN_OBJC_IMPLICIT_RETAIN_SELF = YES;
				CLANG_WARN_OBJC_LITERAL_CONVERSION = YES;
				CLANG_WARN_OBJC_ROOT_CLASS = YES_ERROR;
				CLANG_WARN_QUOTED_INCLUDE_IN_FRAMEWORK_HEADER = YES;
				CLANG_WARN_RANGE_LOOP_ANALYSIS = YES;
				CLANG_WARN_STRICT_PROTOTYPES = YES;
				CLANG_WARN_SUSPICIOUS_MOVE = YES;
				CLANG_WARN_UNGUARDED_AVAILABILITY = YES_AGGRESSIVE;
				CLANG_WARN_UNREACHABLE_CODE = YES;
				CLANG_WARN__DUPLICATE_METHOD_MATCH = YES;
				COPY_PHASE_STRIP = NO;
				DEBUG_INFORMATION_FORMAT = dwarf;
				ENABLE_STRICT_OBJC_MSGSEND = YES;
				ENABLE_TESTABILITY = YES;
				GCC_C_LANGUAGE_STANDARD = gnu11;
				GCC_DYNAMIC_NO_PIC = NO;
				GCC_NO_COMMON_BLOCKS = YES;
				GCC_OPTIMIZATION_LEVEL = 0;
				GCC_PREPROCESSOR_DEFINITIONS = (
					"DEBUG=1",
					"$(inherited)",
				);
				GCC_WARN_64_TO_32_BIT_CONVERSION = YES;
				GCC_WARN_ABOUT_RETURN_TYPE = YES_ERROR;
				GCC_WARN_UNDECLARED_SELECTOR = YES;
				GCC_WARN_UNINITIALIZED_AUTOS = YES_AGGRESSIVE;
				GCC_WARN_UNUSED_FUNCTION = YES;
				GCC_WARN_UNUSED_VARIABLE = YES;
				IPHONEOS_DEPLOYMENT_TARGET = 15.0;
				MTL_ENABLE_DEBUG_INFO = INCLUDE_SOURCE;
				MTL_FAST_MATH = YES;
				ONLY_ACTIVE_ARCH = YES;
				SDKROOT = iphoneos;
				SWIFT_ACTIVE_COMPILATION_CONDITIONS = DEBUG;
				SWIFT_OPTIMIZATION_LEVEL = "-Onone";
			};
			name = Debug;
		};
		1FE61E772B21A9BA003A4D05 /* Release */ = {
			isa = XCBuildConfiguration;
			buildSettings = {
				ALWAYS_SEARCH_USER_PATHS = NO;
				CLANG_ANALYZER_NONNULL = YES;
				CLANG_ANALYZER_NUMBER_OBJECT_CONVERSION = YES_AGGRESSIVE;
				CLANG_CXX_LANGUAGE_STANDARD = "gnu++17";
				CLANG_CXX_LIBRARY = "libc++";
				CLANG_ENABLE_MODULES = YES;
				CLANG_ENABLE_OBJC_ARC = YES;
				CLANG_ENABLE_OBJC_WEAK = YES;
				CLANG_WARN_BLOCK_CAPTURE_AUTORELEASING = YES;
				CLANG_WARN_BOOL_CONVERSION = YES;
				CLANG_WARN_COMMA = YES;
				CLANG_WARN_CONSTANT_CONVERSION = YES;
				CLANG_WARN_DEPRECATED_OBJC_IMPLEMENTATIONS = YES;
				CLANG_WARN_DIRECT_OBJC_ISA_USAGE = YES_ERROR;
				CLANG_WARN_DOCUMENTATION_COMMENTS = YES;
				CLANG_WARN_EMPTY_BODY = YES;
				CLANG_WARN_ENUM_CONVERSION = YES;
				CLANG_WARN_INFINITE_RECURSION = YES;
				CLANG_WARN_INT_CONVERSION = YES;
				CLANG_WARN_NON_LITERAL_NULL_CONVERSION = YES;
				CLANG_WARN_OBJC_IMPLICIT_RETAIN_SELF = YES;
				CLANG_WARN_OBJC_LITERAL_CONVERSION = YES;
				CLANG_WARN_OBJC_ROOT_CLASS = YES_ERROR;
				CLANG_WARN_QUOTED_INCLUDE_IN_FRAMEWORK_HEADER = YES;
				CLANG_WARN_RANGE_LOOP_ANALYSIS = YES;
				CLANG_WARN_STRICT_PROTOTYPES = YES;
				CLANG_WARN_SUSPICIOUS_MOVE = YES;
				CLANG_WARN_UNGUARDED_AVAILABILITY = YES_AGGRESSIVE;
				CLANG_WARN_UNREACHABLE_CODE = YES;
				CLANG_WARN__DUPLICATE_METHOD_MATCH = YES;
				COPY_PHASE_STRIP = NO;
				DEBUG_INFORMATION_FORMAT = "dwarf-with-dsym";
				ENABLE_NS_ASSERTIONS = NO;
				ENABLE_STRICT_OBJC_MSGSEND = YES;
				GCC_C_LANGUAGE_STANDARD = gnu11;
				GCC_NO_COMMON_BLOCKS = YES;
				GCC_WARN_64_TO_32_BIT_CONVERSION = YES;
				GCC_WARN_ABOUT_RETURN_TYPE = YES_ERROR;
				GCC_WARN_UNDECLARED_SELECTOR = YES;
				GCC_WARN_UNINITIALIZED_AUTOS = YES_AGGRESSIVE;
				GCC_WARN_UNUSED_FUNCTION = YES;
				GCC_WARN_UNUSED_VARIABLE = YES;
				IPHONEOS_DEPLOYMENT_TARGET = 15.0;
				MTL_ENABLE_DEBUG_INFO = NO;
				MTL_FAST_MATH = YES;
				SDKROOT = iphoneos;
				SWIFT_COMPILATION_MODE = wholemodule;
				SWIFT_OPTIMIZATION_LEVEL = "-O";
				VALIDATE_PRODUCT = YES;
			};
			name = Release;
		};
		1FE61E792B21A9BA003A4D05 /* Debug */ = {
			isa = XCBuildConfiguration;
			baseConfigurationReference = ADB39A322E70582CFEE25941 /* Pods-mixPanel_0712.debug.xcconfig */;
			buildSettings = {
				ASSETCATALOG_COMPILER_APPICON_NAME = AppIcon;
				ASSETCATALOG_COMPILER_GLOBAL_ACCENT_COLOR_NAME = AccentColor;
				CODE_SIGN_STYLE = Automatic;
				CURRENT_PROJECT_VERSION = 1;
				GENERATE_INFOPLIST_FILE = YES;
				INFOPLIST_FILE = mixPanel_0712/Info.plist;
				INFOPLIST_KEY_CFBundleDisplayName = MixPanel;
				INFOPLIST_KEY_UIApplicationSupportsIndirectInputEvents = YES;
				INFOPLIST_KEY_UILaunchStoryboardName = LaunchScreen;
				INFOPLIST_KEY_UIMainStoryboardFile = LaunchScreen;
				INFOPLIST_KEY_UISupportedInterfaceOrientations_iPad = "UIInterfaceOrientationPortrait UIInterfaceOrientationPortraitUpsideDown UIInterfaceOrientationLandscapeLeft UIInterfaceOrientationLandscapeRight";
				INFOPLIST_KEY_UISupportedInterfaceOrientations_iPhone = "UIInterfaceOrientationPortrait UIInterfaceOrientationLandscapeLeft UIInterfaceOrientationLandscapeRight";
				LD_RUNPATH_SEARCH_PATHS = (
					"$(inherited)",
					"@executable_path/Frameworks",
				);
				MARKETING_VERSION = 1.0;
				PRODUCT_BUNDLE_IDENTIFIER = "AF.mixPanel-0712";
				PRODUCT_NAME = "$(TARGET_NAME)";
				SWIFT_EMIT_LOC_STRINGS = YES;
				SWIFT_VERSION = 5.0;
				TARGETED_DEVICE_FAMILY = "1,2";
			};
			name = Debug;
		};
		1FE61E7A2B21A9BA003A4D05 /* Release */ = {
			isa = XCBuildConfiguration;
			baseConfigurationReference = 6BDCFFEC03C5FDABD7CCC8AA /* Pods-mixPanel_0712.release.xcconfig */;
			buildSettings = {
				ASSETCATALOG_COMPILER_APPICON_NAME = AppIcon;
				ASSETCATALOG_COMPILER_GLOBAL_ACCENT_COLOR_NAME = AccentColor;
				CODE_SIGN_STYLE = Automatic;
				CURRENT_PROJECT_VERSION = 1;
				GENERATE_INFOPLIST_FILE = YES;
				INFOPLIST_FILE = mixPanel_0712/Info.plist;
				INFOPLIST_KEY_CFBundleDisplayName = MixPanel;
				INFOPLIST_KEY_UIApplicationSupportsIndirectInputEvents = YES;
				INFOPLIST_KEY_UILaunchStoryboardName = LaunchScreen;
				INFOPLIST_KEY_UIMainStoryboardFile = LaunchScreen;
				INFOPLIST_KEY_UISupportedInterfaceOrientations_iPad = "UIInterfaceOrientationPortrait UIInterfaceOrientationPortraitUpsideDown UIInterfaceOrientationLandscapeLeft UIInterfaceOrientationLandscapeRight";
				INFOPLIST_KEY_UISupportedInterfaceOrientations_iPhone = "UIInterfaceOrientationPortrait UIInterfaceOrientationLandscapeLeft UIInterfaceOrientationLandscapeRight";
				LD_RUNPATH_SEARCH_PATHS = (
					"$(inherited)",
					"@executable_path/Frameworks",
				);
				MARKETING_VERSION = 1.0;
				PRODUCT_BUNDLE_IDENTIFIER = "AF.mixPanel-0712";
				PRODUCT_NAME = "$(TARGET_NAME)";
				SWIFT_EMIT_LOC_STRINGS = YES;
				SWIFT_VERSION = 5.0;
				TARGETED_DEVICE_FAMILY = "1,2";
			};
			name = Release;
		};
/* End XCBuildConfiguration section */

/* Begin XCConfigurationList section */
		1FE61E5F2B21A9B8003A4D05 /* Build configuration list for PBXProject "mixPanel_0712" */ = {
			isa = XCConfigurationList;
			buildConfigurations = (
				1FE61E762B21A9BA003A4D05 /* Debug */,
				1FE61E772B21A9BA003A4D05 /* Release */,
			);
			defaultConfigurationIsVisible = 0;
			defaultConfigurationName = Release;
		};
		1FE61E782B21A9BA003A4D05 /* Build configuration list for PBXNativeTarget "mixPanel_0712" */ = {
			isa = XCConfigurationList;
			buildConfigurations = (
				1FE61E792B21A9BA003A4D05 /* Debug */,
				1FE61E7A2B21A9BA003A4D05 /* Release */,
			);
			defaultConfigurationIsVisible = 0;
			defaultConfigurationName = Release;
		};
/* End XCConfigurationList section */
	};
	rootObject = 1FE61E5C2B21A9B8003A4D05 /* Project object */;
}
